```json
{
  "name": "real-time-markdown-previewer",
  "version": "0.1.0",
  "lockfileVersion": 3,
  "requires": true,
  "packages": {
    "": {
      "name": "real-time-markdown-previewer",
      "version": "0.1.0",
      "dependencies": {
        "marked": "^12.0.2",
        "react": "^18.2.0",
        "react-dom": "^18.2.0",
        "react-scripts": "5.0.1",
        "web-vitals": "^2.1.4"